
Microsoft Visual Studio Solution File, Format Version 12.00
# Visual Studio Version 17
VisualStudioVersion = 17.4.33205.214
MinimumVisualStudioVersion = 10.0.40219.1
Project("{FAE04EC0-301F-11D3-BF4B-00C04F79EFBC}") = "BlazrorServerCSPerformanceTest", "BlazrorServerCSPerformanceTest.csproj", "{1884D3B7-534C-4A55-BA0C-DD0C5B25BE42}"
EndProject
Global
	GlobalSection(SolutionConfigurationPlatforms) = preSolution
		Debug|Any CPU = Debug|Any CPU
		Release|Any CPU = Release|Any CPU
	EndGlobalSection
	GlobalSection(ProjectConfigurationPlatforms) = postSolution
		{1884D3B7-534C-4A55-BA0C-DD0C5B25BE42}.Debug|Any CPU.ActiveCfg = Debug|Any CPU
		{1884D3B7-534C-4A55-BA0C-DD0C5B25BE42}.Debug|Any CPU.Build.0 = Debug|Any CPU
		{1884D3B7-534C-4A55-BA0C-DD0C5B25BE42}.Release|Any CPU.ActiveCfg = Release|Any CPU
		{1884D3B7-534C-4A55-BA0C-DD0C5B25BE42}.Release|Any CPU.Build.0 = Release|Any CPU
	EndGlobalSection
	GlobalSection(SolutionProperties) = preSolution
		HideSolutionNode = FALSE
	EndGlobalSection
	GlobalSection(ExtensibilityGlobals) = postSolution
		SolutionGuid = {17D931C3-7F27-40BB-8048-532942C1B89F}
	EndGlobalSection
EndGlobal
